
Microsoft Visual Studio Solution File, Format Version 12.00
# Visual Studio Version 16
VisualStudioVersion = 16.0.28729.10
MinimumVisualStudioVersion = 10.0.40219.1
Project("{9A19103F-16F7-4668-BE54-9A1E7A4F7556}") = "Decorator", "Decorator\Decorator.csproj", "{CC94F6C6-1F3C-417D-9678-4DFD788713AF}"
EndProject
Project("{9A19103F-16F7-4668-BE54-9A1E7A4F7556}") = "FactoryMethod", "FactoryMethod\FactoryMethod.csproj", "{29D32FB4-C0F1-4BEB-8405-8C2E1314B21F}"
EndProject
Project("{9A19103F-16F7-4668-BE54-9A1E7A4F7556}") = "Prototype", "Prototype\Prototype.csproj", "{24583FC6-DB4E-4A5F-9FF8-E1FC26C73B68}"
EndProject
Project("{FAE04EC0-301F-11D3-BF4B-00C04F79EFBC}") = "Bridge", "Bridge\Bridge.csproj", "{E6C35E72-F00C-4244-B0E9-07710F61CFA4}"
EndProject
Project("{FAE04EC0-301F-11D3-BF4B-00C04F79EFBC}") = "Adapter", "Adapter\Adapter.csproj", "{5F52D60C-CA55-432C-BE6B-A45E2C36C776}"
EndProject
Global
	GlobalSection(SolutionConfigurationPlatforms) = preSolution
		Debug|Any CPU = Debug|Any CPU
		Release|Any CPU = Release|Any CPU
	EndGlobalSection
	GlobalSection(ProjectConfigurationPlatforms) = postSolution
		{CC94F6C6-1F3C-417D-9678-4DFD788713AF}.Debug|Any CPU.ActiveCfg = Debug|Any CPU
		{CC94F6C6-1F3C-417D-9678-4DFD788713AF}.Debug|Any CPU.Build.0 = Debug|Any CPU
		{CC94F6C6-1F3C-417D-9678-4DFD788713AF}.Release|Any CPU.ActiveCfg = Release|Any CPU
		{CC94F6C6-1F3C-417D-9678-4DFD788713AF}.Release|Any CPU.Build.0 = Release|Any CPU
		{29D32FB4-C0F1-4BEB-8405-8C2E1314B21F}.Debug|Any CPU.ActiveCfg = Debug|Any CPU
		{29D32FB4-C0F1-4BEB-8405-8C2E1314B21F}.Debug|Any CPU.Build.0 = Debug|Any CPU
		{29D32FB4-C0F1-4BEB-8405-8C2E1314B21F}.Release|Any CPU.ActiveCfg = Release|Any CPU
		{29D32FB4-C0F1-4BEB-8405-8C2E1314B21F}.Release|Any CPU.Build.0 = Release|Any CPU
		{24583FC6-DB4E-4A5F-9FF8-E1FC26C73B68}.Debug|Any CPU.ActiveCfg = Debug|Any CPU
		{24583FC6-DB4E-4A5F-9FF8-E1FC26C73B68}.Debug|Any CPU.Build.0 = Debug|Any CPU
		{24583FC6-DB4E-4A5F-9FF8-E1FC26C73B68}.Release|Any CPU.ActiveCfg = Release|Any CPU
		{24583FC6-DB4E-4A5F-9FF8-E1FC26C73B68}.Release|Any CPU.Build.0 = Release|Any CPU
		{E6C35E72-F00C-4244-B0E9-07710F61CFA4}.Debug|Any CPU.ActiveCfg = Debug|Any CPU
		{E6C35E72-F00C-4244-B0E9-07710F61CFA4}.Debug|Any CPU.Build.0 = Debug|Any CPU
		{E6C35E72-F00C-4244-B0E9-07710F61CFA4}.Release|Any CPU.ActiveCfg = Release|Any CPU
		{E6C35E72-F00C-4244-B0E9-07710F61CFA4}.Release|Any CPU.Build.0 = Release|Any CPU
		{5F52D60C-CA55-432C-BE6B-A45E2C36C776}.Debug|Any CPU.ActiveCfg = Debug|Any CPU
		{5F52D60C-CA55-432C-BE6B-A45E2C36C776}.Debug|Any CPU.Build.0 = Debug|Any CPU
		{5F52D60C-CA55-432C-BE6B-A45E2C36C776}.Release|Any CPU.ActiveCfg = Release|Any CPU
		{5F52D60C-CA55-432C-BE6B-A45E2C36C776}.Release|Any CPU.Build.0 = Release|Any CPU
	EndGlobalSection
	GlobalSection(SolutionProperties) = preSolution
		HideSolutionNode = FALSE
	EndGlobalSection
	GlobalSection(ExtensibilityGlobals) = postSolution
		SolutionGuid = {5B5F5D87-FCD6-415A-A148-E01837F2AA15}
	EndGlobalSection
EndGlobal
