
Microsoft Visual Studio Solution File, Format Version 12.00
# Visual Studio 15
VisualStudioVersion = 15.0.27428.1
MinimumVisualStudioVersion = 10.0.40219.1
Project("{FAE04EC0-301F-11D3-BF4B-00C04F79EFBC}") = "Decorator", "Decorator\Decorator.csproj", "{CC94F6C6-1F3C-417D-9678-4DFD788713AF}"
EndProject
Global
	GlobalSection(SolutionConfigurationPlatforms) = preSolution
		Debug|Any CPU = Debug|Any CPU
		Release|Any CPU = Release|Any CPU
	EndGlobalSection
	GlobalSection(ProjectConfigurationPlatforms) = postSolution
		{CC94F6C6-1F3C-417D-9678-4DFD788713AF}.Debug|Any CPU.ActiveCfg = Debug|Any CPU
		{CC94F6C6-1F3C-417D-9678-4DFD788713AF}.Debug|Any CPU.Build.0 = Debug|Any CPU
		{CC94F6C6-1F3C-417D-9678-4DFD788713AF}.Release|Any CPU.ActiveCfg = Release|Any CPU
		{CC94F6C6-1F3C-417D-9678-4DFD788713AF}.Release|Any CPU.Build.0 = Release|Any CPU
	EndGlobalSection
	GlobalSection(SolutionProperties) = preSolution
		HideSolutionNode = FALSE
	EndGlobalSection
	GlobalSection(ExtensibilityGlobals) = postSolution
		SolutionGuid = {5B5F5D87-FCD6-415A-A148-E01837F2AA15}
	EndGlobalSection
EndGlobal
